version = 1
revision = 3
requires-python = ">=3.13"

[[package]]
name = "apify-client"
version = "2.2.1"
source = { registry = "https://pypi.org/simple" }
dependencies = [
    { name = "apify-shared" },
    { name = "colorama" },
    { name = "impit" },
    { name = "more-itertools" },
]
sdist = { url = "https://files.pythonhosted.org/packages/c1/67/c9a36fe52c0836fe6fbb9c743d17c73235c3711ce54011ac011c0cd39574/apify_client-2.2.1.tar.gz", hash = "sha256:aa96af0b0eadb538fb40ffbb09fb26204b8e507aa362e8f98a4ac27865ed381e", size = 385294, upload-time = "2025-10-20T13:00:35.086Z" }
wheels = [
    { url = "https://files.pythonhosted.org/packages/d9/a2/853907ffb98d1d778f65068823a06d4d3de8b3c00008067f63408ca1ca7c/apify_client-2.2.1-py3-none-any.whl", hash = "sha256:8c919aef6b0a97c0b65d07d783a50232f3dda87b2771f1e58e2f015bb87aa13b", size = 86161, upload-time = "2025-10-20T13:00:32.9Z" },
]

[[package]]
name = "apify-shared"
version = "2.1.0"
source = { registry = "https://pypi.org/simple" }
sdist = { url = "https://files.pythonhosted.org/packages/66/88/5283f9ffad85751b7501ae56aa500db26b149dc51ed8cc6025304ecfc5fc/apify_shared-2.1.0.tar.gz", hash = "sha256:95b603454788189e9c6fa98af0e311d78033178db1434a4f0690fac40467aae0", size = 46982, upload-time = "2025-09-05T13:38:16.22Z" }
wheels = [
    { url = "https://files.pythonhosted.org/packages/76/50/3ae064870ae0e302909e215ba30a681d1ddc3c067c2242cae596c921817d/apify_shared-2.1.0-py3-none-any.whl", hash = "sha256:f6dacf375ae07fd72c1fa1daa64e5265b6cab1b05a98df077b7de0ec2077f7c3", size = 16489, upload-time = "2025-09-05T13:38:15.069Z" },
]

[[package]]
name = "colorama"
version = "0.4.6"
source = { registry = "https://pypi.org/simple" }
sdist = { url = "https://files.pythonhosted.org/packages/d8/53/6f443c9a4a8358a93a6792e2acffb9d9d5cb0a5cfd8802644b7b1c9a02e4/colorama-0.4.6.tar.gz", hash = "sha256:08695f5cb7ed6e0531a20572697297273c47b8cae5a63ffc6d6ed5c201be6e44", size = 27697, upload-time = "2022-10-25T02:36:22.414Z" }
wheels = [
    { url = "https://files.pythonhosted.org/packages/d1/d6/3965ed04c63042e047cb6a3e6ed1a63a35087b6a609aa3a15ed8ac56c221/colorama-0.4.6-py2.py3-none-any.whl", hash = "sha256:4f1d9991f5acc0ca119f9d443620b77f9d6b33703e51011c16baf57afb285fc6", size = 25335, upload-time = "2022-10-25T02:36:20.889Z" },
]

[[package]]
name = "impit"
version = "0.8.0"
source = { registry = "https://pypi.org/simple" }
sdist = { url = "https://files.pythonhosted.org/packages/c9/0e/86ba7c4d4093cf332d69b09053bf9211c58a6d8ac198c2370c502b1abbd7/impit-0.8.0.tar.gz", hash = "sha256:a6786af6fb3a32a4e87fe35ab96cec9388818c92608b9e79fa4ce77fcd67edfb", size = 122274, upload-time = "2025-10-22T11:17:52.534Z" }
wheels = [
    { url = "https://files.pythonhosted.org/packages/df/90/988bc72e96aaa328ab618e981369028a4de81e8e6f0606269c4f7a33ca3a/impit-0.8.0-cp313-cp313-macosx_10_12_x86_64.whl", hash = "sha256:e594d5f90bb7620b4b6efd0c1c0ff25d36af349f8867d8a6c538273eb715b805", size = 3874307, upload-time = "2025-10-22T11:17:06.651Z" },
    { url = "https://files.pythonhosted.org/packages/6b/aa/3fac076b91238fb168664744427123d9fbb3751cc00fb41a372c2950c0d0/impit-0.8.0-cp313-cp313-macosx_11_0_arm64.whl", hash = "sha256:a5b7324fb7fd134a36fda126f9afe1a83f3cae6cd0b1e50015cb943c9a51a474", size = 3692583, upload-time = "2025-10-22T11:17:10.961Z" },
    { url = "https://files.pythonhosted.org/packages/11/f7/ad7a1abdf06d256d188fe4a8d0ac88cdfa0d43d89a6f55a67a2b1fcb5f3d/impit-0.8.0-cp313-cp313-manylinux_2_17_x86_64.manylinux2014_x86_64.whl", hash = "sha256:a1dfcb47b7c30952d10a18b1b316371ff746c871092756c6b501e85b067565a2", size = 6041341, upload-time = "2025-10-22T11:17:12.697Z" },
    { url = "https://files.pythonhosted.org/packages/3f/43/1ad3b4447b9395d5e11d30e641971c4db3a276d971df4c52edab212abcf7/impit-0.8.0-cp313-cp313-manylinux_2_28_aarch64.whl", hash = "sha256:4d6ad5c220bbb7e9a56972e52a8398bc9dfa9535ed25724c4f0ca64a4483ebd9", size = 6052948, upload-time = "2025-10-22T11:17:14.566Z" },
    { url = "https://files.pythonhosted.org/packages/87/eb/bc0b8cd8a85dc540c98f503efbd24927784d3eb4147354e70b3eeba2de58/impit-0.8.0-cp313-cp313-musllinux_1_2_aarch64.whl", hash = "sha256:acb0c93271976f36b26ad061a18262b82becb7f0be5a44a8284d6a5396da211b", size = 6405573, upload-time = "2025-10-22T11:17:16.039Z" },
    { url = "https://files.pythonhosted.org/packages/25/f1/30c2028f588e5abcbdf63eb7f06bcadc43b05df878ee209573512f70118a/impit-0.8.0-cp313-cp313-musllinux_1_2_x86_64.whl", hash = "sha256:38e7796dbdf51cda16bc7188cde15e0d3474670077ec95843a05d1dfeff78834", size = 6263299, upload-time = "2025-10-22T11:17:18.406Z" },
    { url = "https://files.pythonhosted.org/packages/8e/47/1cc5698ae1620049938ee99422b16a49695ca14de51e5389bfc6379ccaba/impit-0.8.0-cp313-cp313-win_amd64.whl", hash = "sha256:736cef35c308db97dd5bf89b2fde64c0466895c24f26e0be90df525fec41b119", size = 3877934, upload-time = "2025-10-22T11:17:19.857Z" },
    { url = "https://files.pythonhosted.org/packages/20/b3/06ee60bae27d539346ce85b497662a0649266e3dca3fa13e1039c80f66ea/impit-0.8.0-cp313-cp313t-macosx_10_12_x86_64.whl", hash = "sha256:a357ee9a5a2ff00a70e70d7af625bfae8e37b82ba6042428a57267aa39c8b24b", size = 3874970, upload-time = "2025-10-22T11:17:21.676Z" },
    { url = "https://files.pythonhosted.org/packages/17/66/a797050d9aa08239cf95f7fa2822350f81a5e5c734b670b9b1a15b1ee685/impit-0.8.0-cp313-cp313t-macosx_11_0_arm64.whl", hash = "sha256:d39b26233bffe8c8d6655a9a4fc71f56456b02951322c15c6e3911517ea8f1dd", size = 3692498, upload-time = "2025-10-22T11:17:23.412Z" },
    { url = "https://files.pythonhosted.org/packages/de/2b/266a8fc7baf8c1e5e76869694cef28a4aa8656601f4b0dd577da060b51fb/impit-0.8.0-cp313-cp313t-manylinux_2_17_x86_64.manylinux2014_x86_64.whl", hash = "sha256:af53a51000c8421cec6840b63bd3f39096d27d35f1d1bfa34f5a58a357c0e188", size = 6041055, upload-time = "2025-10-22T11:17:25.522Z" },
    { url = "https://files.pythonhosted.org/packages/74/9a/e8da4929061c88054bdbb6ac9eb5e529159be79cecfc827e4d5eeaa776c6/impit-0.8.0-cp313-cp313t-manylinux_2_28_aarch64.whl", hash = "sha256:b49931d3796ddc212d079e5759063e1cfa9199150f36bd582753ac7840e55328", size = 6052927, upload-time = "2025-10-22T11:17:27.234Z" },
    { url = "https://files.pythonhosted.org/packages/c0/e0/513bc7a7396507b98057e605a96dc854ca85eca109595dcf95d47c571510/impit-0.8.0-cp313-cp313t-musllinux_1_2_aarch64.whl", hash = "sha256:e347da23762b8004ef37abd6d9bc38f84704605eb6991803dd4b7f664adce683", size = 6405688, upload-time = "2025-10-22T11:17:28.819Z" },
    { url = "https://files.pythonhosted.org/packages/be/e6/c942d1a101f27094649d39533ac7ba24e3341d3b5ff9b4132d73aa55fc37/impit-0.8.0-cp313-cp313t-musllinux_1_2_x86_64.whl", hash = "sha256:7fe38938d27bca09692a67ddc74b82b2746bb7ac5517daf94885eec77dbebd4b", size = 6263322, upload-time = "2025-10-22T11:17:30.292Z" },
    { url = "https://files.pythonhosted.org/packages/0a/43/3845fabae51f7257a166b07ed62b71b4193208bdbbad287e832cbe9afd11/impit-0.8.0-cp314-cp314-macosx_10_12_x86_64.whl", hash = "sha256:45e0bf3d3b40a91945cb36ee3cb12af61d7cb0866680c2c9d1e5164628f1b935", size = 3874375, upload-time = "2025-10-22T11:17:31.782Z" },
    { url = "https://files.pythonhosted.org/packages/87/9c/0564a5b27622539764cdef7be2880152812ecffce142fb51613474db6950/impit-0.8.0-cp314-cp314-macosx_11_0_arm64.whl", hash = "sha256:d22b8cd3ebce486d00073ea33d8f46f3a030d2cac7d58265193f3f960ae82d97", size = 3693003, upload-time = "2025-10-22T11:17:33.166Z" },
    { url = "https://files.pythonhosted.org/packages/04/36/6fae62752619efe0f66d88bcc98665d947f9f7a26de9a7ca5c0857d072d8/impit-0.8.0-cp314-cp314-manylinux_2_17_x86_64.manylinux2014_x86_64.whl", hash = "sha256:eeece454cf70e13c8a4cb50b93e5aa8c821dabbf1582f72025f699d2ab4df51f", size = 6041771, upload-time = "2025-10-22T11:17:34.504Z" },
    { url = "https://files.pythonhosted.org/packages/7a/36/cd80a8f14f11c522b8a651473005f24512f365bed9eebc88e2ce34de8853/impit-0.8.0-cp314-cp314-manylinux_2_28_aarch64.whl", hash = "sha256:0a92eb0cc1e9191b38cadcd894b8fa241a6ecb0f72547c65ac5e2a1e01bc164e", size = 6052985, upload-time = "2025-10-22T11:17:36.325Z" },
    { url = "https://files.pythonhosted.org/packages/38/dc/50c3b482e0860e037bba284560488dea411fe3b745599c8ac8b2fdab020b/impit-0.8.0-cp314-cp314-musllinux_1_2_aarch64.whl", hash = "sha256:496eddb6f760c63a7d10828f53fdd2fd49a399b06663f6d9bd91899a3b78a286", size = 6405982, upload-time = "2025-10-22T11:17:37.754Z" },
    { url = "https://files.pythonhosted.org/packages/4b/e0/1d88a213f64d1d27c847c40bcf5c7be26b4d5ae8e0d1455a8e5c1607e5fa/impit-0.8.0-cp314-cp314-musllinux_1_2_x86_64.whl", hash = "sha256:8e5c783b70f4eb65c681e5e22f4d276b7d284a9b3e65fbe3452f44159137540b", size = 6263210, upload-time = "2025-10-22T11:17:39.388Z" },
    { url = "https://files.pythonhosted.org/packages/29/f7/f53ad29b3898fedf2a9f47634a1acd49264da6252c89816cd0cce35055c7/impit-0.8.0-cp314-cp314-win_amd64.whl", hash = "sha256:2f9d2350dd7451e408e767c8bce2f88f74a62d01a3ce73e694272a3f9f2d325c", size = 3878017, upload-time = "2025-10-22T11:17:40.903Z" },
    { url = "https://files.pythonhosted.org/packages/fa/3d/bcea59ba21a8b6aaafe154fa7781946701fbbb1d5f92146c0bc48aad1001/impit-0.8.0-cp314-cp314t-macosx_10_12_x86_64.whl", hash = "sha256:e4a87e3905c5d2311f1841ab85c614fb14b505f4114304368c7336848d31fa60", size = 3874828, upload-time = "2025-10-22T11:17:42.507Z" },
    { url = "https://files.pythonhosted.org/packages/a6/3f/b8f99992089d5095e89d5f6be68de7cf13566628653b09c3e2772eb24a89/impit-0.8.0-cp314-cp314t-macosx_11_0_arm64.whl", hash = "sha256:82f0273fad1baa22d8c8727cb8182048367a14c64eeb4199a0cd35e2fd5e6969", size = 3692644, upload-time = "2025-10-22T11:17:43.949Z" },
    { url = "https://files.pythonhosted.org/packages/ef/f6/32cf64ff6ca8f3ef528dec737f3f55721e5ad3e5962d9c4812eae711b6db/impit-0.8.0-cp314-cp314t-manylinux_2_17_x86_64.manylinux2014_x86_64.whl", hash = "sha256:172f32a9905fd9f0a9ddb0f49e94c71189510b448601d54497c9aab25f542f54", size = 6040939, upload-time = "2025-10-22T11:17:46.011Z" },
    { url = "https://files.pythonhosted.org/packages/35/bb/e51e7eb86f54ea6493f904fc7b83410ac8f795196942f37860702f30dc45/impit-0.8.0-cp314-cp314t-manylinux_2_28_aarch64.whl", hash = "sha256:bac034b7902970e2ed0088666cd5aa54a88a201d2dc5f9aea7493d4b96df21fb", size = 6053022, upload-time = "2025-10-22T11:17:47.567Z" },
    { url = "https://files.pythonhosted.org/packages/5f/07/3818938e3a95116783cf4df57c0708d76156fa11c5ab72b8ce544993085e/impit-0.8.0-cp314-cp314t-musllinux_1_2_aarch64.whl", hash = "sha256:b3d867ead3941e3324f9785138b9c07d3c1a658e04eed1b63988139eca7ff114", size = 6405561, upload-time = "2025-10-22T11:17:49.328Z" },
    { url = "https://files.pythonhosted.org/packages/9f/5d/42308ffb62657228a819e3683d59a0c831f07ae278ed8854382ceabbfb97/impit-0.8.0-cp314-cp314t-musllinux_1_2_x86_64.whl", hash = "sha256:36a877a7194ae0ffb732a007a0b0d7b67b9610ad68379841a8ecaa258aae9c64", size = 6263546, upload-time = "2025-10-22T11:17:50.798Z" },
]

[[package]]
name = "kafka-python"
version = "2.2.15"
source = { registry = "https://pypi.org/simple" }
sdist = { url = "https://files.pythonhosted.org/packages/da/67/1434436f3cb409443f72a4843b877ac2d9bf586a31a0e966cf1dc4dc9a94/kafka_python-2.2.15.tar.gz", hash = "sha256:e0f480a45f3814cb0eb705b8b4f61069e1be61dae0d8c69d0f1f2da33eea1bd5", size = 347870, upload-time = "2025-07-01T17:37:53.686Z" }
wheels = [
    { url = "https://files.pythonhosted.org/packages/e6/35/e8bfed5425e8fe685bd03ec3f5135ee8b88c11558baa59c0d12fbd2a20ae/kafka_python-2.2.15-py2.py3-none-any.whl", hash = "sha256:84c0993cd4f7f2f01e92d8104ea9bdf631aff72fc5e6ea62eb3bdf1d56528fc3", size = 309751, upload-time = "2025-07-01T17:37:51.87Z" },
]

[[package]]
name = "more-itertools"
version = "10.8.0"
source = { registry = "https://pypi.org/simple" }
sdist = { url = "https://files.pythonhosted.org/packages/ea/5d/38b681d3fce7a266dd9ab73c66959406d565b3e85f21d5e66e1181d93721/more_itertools-10.8.0.tar.gz", hash = "sha256:f638ddf8a1a0d134181275fb5d58b086ead7c6a72429ad725c67503f13ba30bd", size = 137431, upload-time = "2025-09-02T15:23:11.018Z" }
wheels = [
    { url = "https://files.pythonhosted.org/packages/a4/8e/469e5a4a2f5855992e425f3cb33804cc07bf18d48f2db061aec61ce50270/more_itertools-10.8.0-py3-none-any.whl", hash = "sha256:52d4362373dcf7c52546bc4af9a86ee7c4579df9a8dc268be0a2f949d376cc9b", size = 69667, upload-time = "2025-09-02T15:23:09.635Z" },
]

[[package]]
name = "producer"
version = "0.1.0"
source = { virtual = "." }
dependencies = [
    { name = "apify-client" },
    { name = "kafka-python" },
    { name = "python-dotenv" },
]

[package.metadata]
requires-dist = [
    { name = "apify-client", specifier = ">=2.2.1" },
    { name = "kafka-python", specifier = ">=2.2.15" },
    { name = "python-dotenv", specifier = ">=1.2.1" },
]

[[package]]
name = "python-dotenv"
version = "1.2.1"
source = { registry = "https://pypi.org/simple" }
sdist = { url = "https://files.pythonhosted.org/packages/f0/26/19cadc79a718c5edbec86fd4919a6b6d3f681039a2f6d66d14be94e75fb9/python_dotenv-1.2.1.tar.gz", hash = "sha256:42667e897e16ab0d66954af0e60a9caa94f0fd4ecf3aaf6d2d260eec1aa36ad6", size = 44221, upload-time = "2025-10-26T15:12:10.434Z" }
wheels = [
    { url = "https://files.pythonhosted.org/packages/14/1b/a298b06749107c305e1fe0f814c6c74aea7b2f1e10989cb30f544a1b3253/python_dotenv-1.2.1-py3-none-any.whl", hash = "sha256:b81ee9561e9ca4004139c6cbba3a238c32b03e4894671e181b671e8cb8425d61", size = 21230, upload-time = "2025-10-26T15:12:09.109Z" },
]
